
Microsoft Visual Studio Solution File, Format Version 12.00
# Visual Studio 15
VisualStudioVersion = 15.0.28010.2041
MinimumVisualStudioVersion = 10.0.40219.1
Project("{FAE04EC0-301F-11D3-BF4B-00C04F79EFBC}") = "CCCNov18", "CCCNov18\CCCNov18.csproj", "{3845BBC4-CC02-4A88-9376-10C8A39DDF14}"
EndProject
Global
	GlobalSection(SolutionConfigurationPlatforms) = preSolution
		Debug|Any CPU = Debug|Any CPU
		Release|Any CPU = Release|Any CPU
	EndGlobalSection
	GlobalSection(ProjectConfigurationPlatforms) = postSolution
		{3845BBC4-CC02-4A88-9376-10C8A39DDF14}.Debug|Any CPU.ActiveCfg = Debug|Any CPU
		{3845BBC4-CC02-4A88-9376-10C8A39DDF14}.Debug|Any CPU.Build.0 = Debug|Any CPU
		{3845BBC4-CC02-4A88-9376-10C8A39DDF14}.Release|Any CPU.ActiveCfg = Release|Any CPU
		{3845BBC4-CC02-4A88-9376-10C8A39DDF14}.Release|Any CPU.Build.0 = Release|Any CPU
	EndGlobalSection
	GlobalSection(SolutionProperties) = preSolution
		HideSolutionNode = FALSE
	EndGlobalSection
	GlobalSection(ExtensibilityGlobals) = postSolution
		SolutionGuid = {4A22277A-66E5-4A25-AE5E-6E42011FAC00}
	EndGlobalSection
EndGlobal
